
Microsoft Visual Studio Solution File, Format Version 12.00
# Visual Studio Version 16
VisualStudioVersion = 16.0.29613.14
MinimumVisualStudioVersion = 10.0.40219.1
Project("{FAE04EC0-301F-11D3-BF4B-00C04F79EFBC}") = "InterUserService", "InterUserService\InterUserService.csproj", "{2DB7D59C-F78C-42E1-868B-233AD366181E}"
EndProject
Project("{FAE04EC0-301F-11D3-BF4B-00C04F79EFBC}") = "InterUserService.Test", "InterUserService.Test\InterUserService.Test.csproj", "{FB81FAE0-7AC3-47C3-A95E-6D675C1CE820}"
EndProject
Global
	GlobalSection(SolutionConfigurationPlatforms) = preSolution
		Debug|Any CPU = Debug|Any CPU
		Release|Any CPU = Release|Any CPU
	EndGlobalSection
	GlobalSection(ProjectConfigurationPlatforms) = postSolution
		{2DB7D59C-F78C-42E1-868B-233AD366181E}.Debug|Any CPU.ActiveCfg = Debug|Any CPU
		{2DB7D59C-F78C-42E1-868B-233AD366181E}.Debug|Any CPU.Build.0 = Debug|Any CPU
		{2DB7D59C-F78C-42E1-868B-233AD366181E}.Release|Any CPU.ActiveCfg = Release|Any CPU
		{2DB7D59C-F78C-42E1-868B-233AD366181E}.Release|Any CPU.Build.0 = Release|Any CPU
		{FB81FAE0-7AC3-47C3-A95E-6D675C1CE820}.Debug|Any CPU.ActiveCfg = Debug|Any CPU
		{FB81FAE0-7AC3-47C3-A95E-6D675C1CE820}.Debug|Any CPU.Build.0 = Debug|Any CPU
		{FB81FAE0-7AC3-47C3-A95E-6D675C1CE820}.Release|Any CPU.ActiveCfg = Release|Any CPU
		{FB81FAE0-7AC3-47C3-A95E-6D675C1CE820}.Release|Any CPU.Build.0 = Release|Any CPU
	EndGlobalSection
	GlobalSection(SolutionProperties) = preSolution
		HideSolutionNode = FALSE
	EndGlobalSection
	GlobalSection(ExtensibilityGlobals) = postSolution
		SolutionGuid = {E0135C0E-9C52-4949-9FB0-D4BFF243C0BA}
	EndGlobalSection
EndGlobal
