
Microsoft Visual Studio Solution File, Format Version 12.00
# Visual Studio Version 16
VisualStudioVersion = 16.0.29613.14
MinimumVisualStudioVersion = 10.0.40219.1
Project("{FAE04EC0-301F-11D3-BF4B-00C04F79EFBC}") = "PostService", "PostService\PostService.csproj", "{C92DCCD0-677F-467B-9B4E-AD1933498545}"
EndProject
Project("{FAE04EC0-301F-11D3-BF4B-00C04F79EFBC}") = "PostService.Test", "PostService.Test\PostService.Test.csproj", "{9F504151-E4BB-4272-BF9A-C838FA744350}"
EndProject
Global
	GlobalSection(SolutionConfigurationPlatforms) = preSolution
		Debug|Any CPU = Debug|Any CPU
		Release|Any CPU = Release|Any CPU
	EndGlobalSection
	GlobalSection(ProjectConfigurationPlatforms) = postSolution
		{C92DCCD0-677F-467B-9B4E-AD1933498545}.Debug|Any CPU.ActiveCfg = Debug|Any CPU
		{C92DCCD0-677F-467B-9B4E-AD1933498545}.Debug|Any CPU.Build.0 = Debug|Any CPU
		{C92DCCD0-677F-467B-9B4E-AD1933498545}.Release|Any CPU.ActiveCfg = Release|Any CPU
		{C92DCCD0-677F-467B-9B4E-AD1933498545}.Release|Any CPU.Build.0 = Release|Any CPU
		{9F504151-E4BB-4272-BF9A-C838FA744350}.Debug|Any CPU.ActiveCfg = Debug|Any CPU
		{9F504151-E4BB-4272-BF9A-C838FA744350}.Debug|Any CPU.Build.0 = Debug|Any CPU
		{9F504151-E4BB-4272-BF9A-C838FA744350}.Release|Any CPU.ActiveCfg = Release|Any CPU
		{9F504151-E4BB-4272-BF9A-C838FA744350}.Release|Any CPU.Build.0 = Release|Any CPU
	EndGlobalSection
	GlobalSection(SolutionProperties) = preSolution
		HideSolutionNode = FALSE
	EndGlobalSection
	GlobalSection(ExtensibilityGlobals) = postSolution
		SolutionGuid = {FA93117B-AFC2-4141-9663-83C85EAD43AB}
	EndGlobalSection
EndGlobal
